
Microsoft Visual Studio Solution File, Format Version 12.00
# Visual Studio Version 16
VisualStudioVersion = 16.0.31105.61
MinimumVisualStudioVersion = 10.0.40219.1
Project("{FAE04EC0-301F-11D3-BF4B-00C04F79EFBC}") = "HTMLSatanizer", "HTMLSatanizer\HTMLSatanizer.csproj", "{10650CAA-489E-49A9-BCFB-D58003516CC4}"
EndProject
Global
	GlobalSection(SolutionConfigurationPlatforms) = preSolution
		Debug|Any CPU = Debug|Any CPU
		Release|Any CPU = Release|Any CPU
	EndGlobalSection
	GlobalSection(ProjectConfigurationPlatforms) = postSolution
		{10650CAA-489E-49A9-BCFB-D58003516CC4}.Debug|Any CPU.ActiveCfg = Debug|Any CPU
		{10650CAA-489E-49A9-BCFB-D58003516CC4}.Debug|Any CPU.Build.0 = Debug|Any CPU
		{10650CAA-489E-49A9-BCFB-D58003516CC4}.Release|Any CPU.ActiveCfg = Release|Any CPU
		{10650CAA-489E-49A9-BCFB-D58003516CC4}.Release|Any CPU.Build.0 = Release|Any CPU
	EndGlobalSection
	GlobalSection(SolutionProperties) = preSolution
		HideSolutionNode = FALSE
	EndGlobalSection
	GlobalSection(ExtensibilityGlobals) = postSolution
		SolutionGuid = {80547CFE-12B0-4E49-8B54-1644D8BB1C82}
	EndGlobalSection
EndGlobal
